// !$*UTF8*$!
{
	archiveVersion = 1;
	classes = {
	};
	objectVersion = 56;
	objects = {

/* Begin PBXBuildFile section */
		6B2B04432BE414AD0000E327 /* SyncExifApp.swift in Sources */ = {isa = PBXBuildFile; fileRef = 6B2B04422BE414AD0000E327 /* SyncExifApp.swift */; };
		6B2B04452BE414AD0000E327 /* ContentView.swift in Sources */ = {isa = PBXBuildFile; fileRef = 6B2B04442BE414AD0000E327 /* ContentView.swift */; };
		6B2B04472BE414B00000E327 /* Assets.xcassets in Resources */ = {isa = PBXBuildFile; fileRef = 6B2B04462BE414B00000E327 /* Assets.xcassets */; };
		6B2B044A2BE414B00000E327 /* Preview Assets.xcassets in Resources */ = {isa = PBXBuildFile; fileRef = 6B2B04492BE414B00000E327 /* Preview Assets.xcassets */; };
		6B2B04552BE414B00000E327 /* SyncExifTests.swift in Sources */ = {isa = PBXBuildFile; fileRef = 6B2B04542BE414B00000E327 /* SyncExifTests.swift */; };
		6B2B045F2BE414B00000E327 /* SyncExifUITests.swift in Sources */ = {isa = PBXBuildFile; fileRef = 6B2B045E2BE414B00000E327 /* SyncExifUITests.swift */; };
		6B2B04612BE414B00000E327 /* SyncExifUITestsLaunchTests.swift in Sources */ = {isa = PBXBuildFile; fileRef = 6B2B04602BE414B00000E327 /* SyncExifUITestsLaunchTests.swift */; };
		6B2B046F2BE41E680000E327 /* ExifSynchronizer.swift in Sources */ = {isa = PBXBuildFile; fileRef = 6B2B046E2BE41E680000E327 /* ExifSynchronizer.swift */; };
		6B2B04722BE41F150000E327 /* Errors.swift in Sources */ = {isa = PBXBuildFile; fileRef = 6B2B04712BE41F150000E327 /* Errors.swift */; };
/* End PBXBuildFile section */

/* Begin PBXContainerItemProxy section */
		6B2B04512BE414B00000E327 /* PBXContainerItemProxy */ = {
			isa = PBXContainerItemProxy;
			containerPortal = 6B2B04372BE414AD0000E327 /* Project object */;
			proxyType = 1;
			remoteGlobalIDString = 6B2B043E2BE414AD0000E327;
			remoteInfo = SyncExif;
		};
		6B2B045B2BE414B00000E327 /* PBXContainerItemProxy */ = {
			isa = PBXContainerItemProxy;
			containerPortal = 6B2B04372BE414AD0000E327 /* Project object */;
			proxyType = 1;
			remoteGlobalIDString = 6B2B043E2BE414AD0000E327;
			remoteInfo = SyncExif;
		};
/* End PBXContainerItemProxy section */

/* Begin PBXFileReference section */
		6B2B043F2BE414AD0000E327 /* SyncExif.app */ = {isa = PBXFileReference; explicitFileType = wrapper.application; includeInIndex = 0; path = SyncExif.app; sourceTree = BUILT_PRODUCTS_DIR; };
		6B2B04422BE414AD0000E327 /* SyncExifApp.swift */ = {isa = PBXFileReference; lastKnownFileType = sourcecode.swift; path = SyncExifApp.swift; sourceTree = "<group>"; };
		6B2B04442BE414AD0000E327 /* ContentView.swift */ = {isa = PBXFileReference; lastKnownFileType = sourcecode.swift; path = ContentView.swift; sourceTree = "<group>"; };
		6B2B04462BE414B00000E327 /* Assets.xcassets */ = {isa = PBXFileReference; lastKnownFileType = folder.assetcatalog; path = Assets.xcassets; sourceTree = "<group>"; };
		6B2B04492BE414B00000E327 /* Preview Assets.xcassets */ = {isa = PBXFileReference; lastKnownFileType = folder.assetcatalog; path = "Preview Assets.xcassets"; sourceTree = "<group>"; };
		6B2B044B2BE414B00000E327 /* SyncExif.entitlements */ = {isa = PBXFileReference; lastKnownFileType = text.plist.entitlements; path = SyncExif.entitlements; sourceTree = "<group>"; };
		6B2B04502BE414B00000E327 /* SyncExifTests.xctest */ = {isa = PBXFileReference; explicitFileType = wrapper.cfbundle; includeInIndex = 0; path = SyncExifTests.xctest; sourceTree = BUILT_PRODUCTS_DIR; };
		6B2B04542BE414B00000E327 /* SyncExifTests.swift */ = {isa = PBXFileReference; lastKnownFileType = sourcecode.swift; path = SyncExifTests.swift; sourceTree = "<group>"; };
		6B2B045A2BE414B00000E327 /* SyncExifUITests.xctest */ = {isa = PBXFileReference; explicitFileType = wrapper.cfbundle; includeInIndex = 0; path = SyncExifUITests.xctest; sourceTree = BUILT_PRODUCTS_DIR; };
		6B2B045E2BE414B00000E327 /* SyncExifUITests.swift */ = {isa = PBXFileReference; lastKnownFileType = sourcecode.swift; path = SyncExifUITests.swift; sourceTree = "<group>"; };
		6B2B04602BE414B00000E327 /* SyncExifUITestsLaunchTests.swift */ = {isa = PBXFileReference; lastKnownFileType = sourcecode.swift; path = SyncExifUITestsLaunchTests.swift; sourceTree = "<group>"; };
		6B2B046E2BE41E680000E327 /* ExifSynchronizer.swift */ = {isa = PBXFileReference; lastKnownFileType = sourcecode.swift; path = ExifSynchronizer.swift; sourceTree = "<group>"; };
		6B2B04712BE41F150000E327 /* Errors.swift */ = {isa = PBXFileReference; lastKnownFileType = sourcecode.swift; path = Errors.swift; sourceTree = "<group>"; };
/* End PBXFileReference section */

/* Begin PBXFrameworksBuildPhase section */
		6B2B043C2BE414AD0000E327 /* Frameworks */ = {
			isa = PBXFrameworksBuildPhase;
			buildActionMask = 2147483647;
			files = (
			);
			runOnlyForDeploymentPostprocessing = 0;
		};
		6B2B044D2BE414B00000E327 /* Frameworks */ = {
			isa = PBXFrameworksBuildPhase;
			buildActionMask = 2147483647;
			files = (
			);
			runOnlyForDeploymentPostprocessing = 0;
		};
		6B2B04572BE414B00000E327 /* Frameworks */ = {
			isa = PBXFrameworksBuildPhase;
			buildActionMask = 2147483647;
			files = (
			);
			runOnlyForDeploymentPostprocessing = 0;
		};
/* End PBXFrameworksBuildPhase section */

/* Begin PBXGroup section */
		6B2B04362BE414AD0000E327 = {
			isa = PBXGroup;
			children = (
				6B2B04412BE414AD0000E327 /* SyncExif */,
				6B2B04532BE414B00000E327 /* SyncExifTests */,
				6B2B045D2BE414B00000E327 /* SyncExifUITests */,
				6B2B04402BE414AD0000E327 /* Products */,
			);
			sourceTree = "<group>";
		};
		6B2B04402BE414AD0000E327 /* Products */ = {
			isa = PBXGroup;
			children = (
				6B2B043F2BE414AD0000E327 /* SyncExif.app */,
				6B2B04502BE414B00000E327 /* SyncExifTests.xctest */,
				6B2B045A2BE414B00000E327 /* SyncExifUITests.xctest */,
			);
			name = Products;
			sourceTree = "<group>";
		};
		6B2B04412BE414AD0000E327 /* SyncExif */ = {
			isa = PBXGroup;
			children = (
				6B2B04702BE41F0C0000E327 /* Errors */,
				6B2B046D2BE41E4D0000E327 /* Logic */,
				6B2B04422BE414AD0000E327 /* SyncExifApp.swift */,
				6B2B04442BE414AD0000E327 /* ContentView.swift */,
				6B2B04462BE414B00000E327 /* Assets.xcassets */,
				6B2B044B2BE414B00000E327 /* SyncExif.entitlements */,
				6B2B04482BE414B00000E327 /* Preview Content */,
			);
			path = SyncExif;
			sourceTree = "<group>";
		};
		6B2B04482BE414B00000E327 /* Preview Content */ = {
			isa = PBXGroup;
			children = (
				6B2B04492BE414B00000E327 /* Preview Assets.xcassets */,
			);
			path = "Preview Content";
			sourceTree = "<group>";
		};
		6B2B04532BE414B00000E327 /* SyncExifTests */ = {
			isa = PBXGroup;
			children = (
				6B2B04542BE414B00000E327 /* SyncExifTests.swift */,
			);
			path = SyncExifTests;
			sourceTree = "<group>";
		};
		6B2B045D2BE414B00000E327 /* SyncExifUITests */ = {
			isa = PBXGroup;
			children = (
				6B2B045E2BE414B00000E327 /* SyncExifUITests.swift */,
				6B2B04602BE414B00000E327 /* SyncExifUITestsLaunchTests.swift */,
			);
			path = SyncExifUITests;
			sourceTree = "<group>";
		};
		6B2B046D2BE41E4D0000E327 /* Logic */ = {
			isa = PBXGroup;
			children = (
				6B2B046E2BE41E680000E327 /* ExifSynchronizer.swift */,
			);
			path = Logic;
			sourceTree = "<group>";
		};
		6B2B04702BE41F0C0000E327 /* Errors */ = {
			isa = PBXGroup;
			children = (
				6B2B04712BE41F150000E327 /* Errors.swift */,
			);
			path = Errors;
			sourceTree = "<group>";
		};
/* End PBXGroup section */

/* Begin PBXNativeTarget section */
		6B2B043E2BE414AD0000E327 /* SyncExif */ = {
			isa = PBXNativeTarget;
			buildConfigurationList = 6B2B04642BE414B00000E327 /* Build configuration list for PBXNativeTarget "SyncExif" */;
			buildPhases = (
				6B2B043B2BE414AD0000E327 /* Sources */,
				6B2B043C2BE414AD0000E327 /* Frameworks */,
				6B2B043D2BE414AD0000E327 /* Resources */,
			);
			buildRules = (
			);
			dependencies = (
			);
			name = SyncExif;
			productName = SyncExif;
			productReference = 6B2B043F2BE414AD0000E327 /* SyncExif.app */;
			productType = "com.apple.product-type.application";
		};
		6B2B044F2BE414B00000E327 /* SyncExifTests */ = {
			isa = PBXNativeTarget;
			buildConfigurationList = 6B2B04672BE414B00000E327 /* Build configuration list for PBXNativeTarget "SyncExifTests" */;
			buildPhases = (
				6B2B044C2BE414B00000E327 /* Sources */,
				6B2B044D2BE414B00000E327 /* Frameworks */,
				6B2B044E2BE414B00000E327 /* Resources */,
			);
			buildRules = (
			);
			dependencies = (
				6B2B04522BE414B00000E327 /* PBXTargetDependency */,
			);
			name = SyncExifTests;
			productName = SyncExifTests;
			productReference = 6B2B04502BE414B00000E327 /* SyncExifTests.xctest */;
			productType = "com.apple.product-type.bundle.unit-test";
		};
		6B2B04592BE414B00000E327 /* SyncExifUITests */ = {
			isa = PBXNativeTarget;
			buildConfigurationList = 6B2B046A2BE414B00000E327 /* Build configuration list for PBXNativeTarget "SyncExifUITests" */;
			buildPhases = (
				6B2B04562BE414B00000E327 /* Sources */,
				6B2B04572BE414B00000E327 /* Frameworks */,
				6B2B04582BE414B00000E327 /* Resources */,
			);
			buildRules = (
			);
			dependencies = (
				6B2B045C2BE414B00000E327 /* PBXTargetDependency */,
			);
			name = SyncExifUITests;
			productName = SyncExifUITests;
			productReference = 6B2B045A2BE414B00000E327 /* SyncExifUITests.xctest */;
			productType = "com.apple.product-type.bundle.ui-testing";
		};
/* End PBXNativeTarget section */

/* Begin PBXProject section */
		6B2B04372BE414AD0000E327 /* Project object */ = {
			isa = PBXProject;
			attributes = {
				BuildIndependentTargetsInParallel = 1;
				LastSwiftUpdateCheck = 1530;
				LastUpgradeCheck = 1530;
				TargetAttributes = {
					6B2B043E2BE414AD0000E327 = {
						CreatedOnToolsVersion = 15.3;
					};
					6B2B044F2BE414B00000E327 = {
						CreatedOnToolsVersion = 15.3;
						TestTargetID = 6B2B043E2BE414AD0000E327;
					};
					6B2B04592BE414B00000E327 = {
						CreatedOnToolsVersion = 15.3;
						TestTargetID = 6B2B043E2BE414AD0000E327;
					};
				};
			};
			buildConfigurationList = 6B2B043A2BE414AD0000E327 /* Build configuration list for PBXProject "SyncExif" */;
			compatibilityVersion = "Xcode 14.0";
			developmentRegion = en;
			hasScannedForEncodings = 0;
			knownRegions = (
				en,
				Base,
			);
			mainGroup = 6B2B04362BE414AD0000E327;
			productRefGroup = 6B2B04402BE414AD0000E327 /* Products */;
			projectDirPath = "";
			projectRoot = "";
			targets = (
				6B2B043E2BE414AD0000E327 /* SyncExif */,
				6B2B044F2BE414B00000E327 /* SyncExifTests */,
				6B2B04592BE414B00000E327 /* SyncExifUITests */,
			);
		};
/* End PBXProject section */

/* Begin PBXResourcesBuildPhase section */
		6B2B043D2BE414AD0000E327 /* Resources */ = {
			isa = PBXResourcesBuildPhase;
			buildActionMask = 2147483647;
			files = (
				6B2B044A2BE414B00000E327 /* Preview Assets.xcassets in Resources */,
				6B2B04472BE414B00000E327 /* Assets.xcassets in Resources */,
			);
			runOnlyForDeploymentPostprocessing = 0;
		};
		6B2B044E2BE414B00000E327 /* Resources */ = {
			isa = PBXResourcesBuildPhase;
			buildActionMask = 2147483647;
			files = (
			);
			runOnlyForDeploymentPostprocessing = 0;
		};
		6B2B04582BE414B00000E327 /* Resources */ = {
			isa = PBXResourcesBuildPhase;
			buildActionMask = 2147483647;
			files = (
			);
			runOnlyForDeploymentPostprocessing = 0;
		};
/* End PBXResourcesBuildPhase section */

/* Begin PBXSourcesBuildPhase section */
		6B2B043B2BE414AD0000E327 /* Sources */ = {
			isa = PBXSourcesBuildPhase;
			buildActionMask = 2147483647;
			files = (
				6B2B04722BE41F150000E327 /* Errors.swift in Sources */,
				6B2B04452BE414AD0000E327 /* ContentView.swift in Sources */,
				6B2B04432BE414AD0000E327 /* SyncExifApp.swift in Sources */,
				6B2B046F2BE41E680000E327 /* ExifSynchronizer.swift in Sources */,
			);
			runOnlyForDeploymentPostprocessing = 0;
		};
		6B2B044C2BE414B00000E327 /* Sources */ = {
			isa = PBXSourcesBuildPhase;
			buildActionMask = 2147483647;
			files = (
				6B2B04552BE414B00000E327 /* SyncExifTests.swift in Sources */,
			);
			runOnlyForDeploymentPostprocessing = 0;
		};
		6B2B04562BE414B00000E327 /* Sources */ = {
			isa = PBXSourcesBuildPhase;
			buildActionMask = 2147483647;
			files = (
				6B2B04612BE414B00000E327 /* SyncExifUITestsLaunchTests.swift in Sources */,
				6B2B045F2BE414B00000E327 /* SyncExifUITests.swift in Sources */,
			);
			runOnlyForDeploymentPostprocessing = 0;
		};
/* End PBXSourcesBuildPhase section */

/* Begin PBXTargetDependency section */
		6B2B04522BE414B00000E327 /* PBXTargetDependency */ = {
			isa = PBXTargetDependency;
			target = 6B2B043E2BE414AD0000E327 /* SyncExif */;
			targetProxy = 6B2B04512BE414B00000E327 /* PBXContainerItemProxy */;
		};
		6B2B045C2BE414B00000E327 /* PBXTargetDependency */ = {
			isa = PBXTargetDependency;
			target = 6B2B043E2BE414AD0000E327 /* SyncExif */;
			targetProxy = 6B2B045B2BE414B00000E327 /* PBXContainerItemProxy */;
		};
/* End PBXTargetDependency section */

/* Begin XCBuildConfiguration section */
		6B2B04622BE414B00000E327 /* Debug */ = {
			isa = XCBuildConfiguration;
			buildSettings = {
				ALWAYS_SEARCH_USER_PATHS = NO;
				ASSETCATALOG_COMPILER_GENERATE_SWIFT_ASSET_SYMBOL_EXTENSIONS = YES;
				CLANG_ANALYZER_NONNULL = YES;
				CLANG_ANALYZER_NUMBER_OBJECT_CONVERSION = YES_AGGRESSIVE;
				CLANG_CXX_LANGUAGE_STANDARD = "gnu++20";
				CLANG_ENABLE_MODULES = YES;
				CLANG_ENABLE_OBJC_ARC = YES;
				CLANG_ENABLE_OBJC_WEAK = YES;
				CLANG_WARN_BLOCK_CAPTURE_AUTORELEASING = YES;
				CLANG_WARN_BOOL_CONVERSION = YES;
				CLANG_WARN_COMMA = YES;
				CLANG_WARN_CONSTANT_CONVERSION = YES;
				CLANG_WARN_DEPRECATED_OBJC_IMPLEMENTATIONS = YES;
				CLANG_WARN_DIRECT_OBJC_ISA_USAGE = YES_ERROR;
				CLANG_WARN_DOCUMENTATION_COMMENTS = YES;
				CLANG_WARN_EMPTY_BODY = YES;
				CLANG_WARN_ENUM_CONVERSION = YES;
				CLANG_WARN_INFINITE_RECURSION = YES;
				CLANG_WARN_INT_CONVERSION = YES;
				CLANG_WARN_NON_LITERAL_NULL_CONVERSION = YES;
				CLANG_WARN_OBJC_IMPLICIT_RETAIN_SELF = YES;
				CLANG_WARN_OBJC_LITERAL_CONVERSION = YES;
				CLANG_WARN_OBJC_ROOT_CLASS = YES_ERROR;
				CLANG_WARN_QUOTED_INCLUDE_IN_FRAMEWORK_HEADER = YES;
				CLANG_WARN_RANGE_LOOP_ANALYSIS = YES;
				CLANG_WARN_STRICT_PROTOTYPES = YES;
				CLANG_WARN_SUSPICIOUS_MOVE = YES;
				CLANG_WARN_UNGUARDED_AVAILABILITY = YES_AGGRESSIVE;
				CLANG_WARN_UNREACHABLE_CODE = YES;
				CLANG_WARN__DUPLICATE_METHOD_MATCH = YES;
				COPY_PHASE_STRIP = NO;
				DEBUG_INFORMATION_FORMAT = dwarf;
				ENABLE_STRICT_OBJC_MSGSEND = YES;
				ENABLE_TESTABILITY = YES;
				ENABLE_USER_SCRIPT_SANDBOXING = YES;
				GCC_C_LANGUAGE_STANDARD = gnu17;
				GCC_DYNAMIC_NO_PIC = NO;
				GCC_NO_COMMON_BLOCKS = YES;
				GCC_OPTIMIZATION_LEVEL = 0;
				GCC_PREPROCESSOR_DEFINITIONS = (
					"DEBUG=1",
					"$(inherited)",
				);
				GCC_WARN_64_TO_32_BIT_CONVERSION = YES;
				GCC_WARN_ABOUT_RETURN_TYPE = YES_ERROR;
				GCC_WARN_UNDECLARED_SELECTOR = YES;
				GCC_WARN_UNINITIALIZED_AUTOS = YES_AGGRESSIVE;
				GCC_WARN_UNUSED_FUNCTION = YES;
				GCC_WARN_UNUSED_VARIABLE = YES;
				LOCALIZATION_PREFERS_STRING_CATALOGS = YES;
				MACOSX_DEPLOYMENT_TARGET = 14.4;
				MTL_ENABLE_DEBUG_INFO = INCLUDE_SOURCE;
				MTL_FAST_MATH = YES;
				ONLY_ACTIVE_ARCH = YES;
				SDKROOT = macosx;
				SWIFT_ACTIVE_COMPILATION_CONDITIONS = "DEBUG $(inherited)";
				SWIFT_OPTIMIZATION_LEVEL = "-Onone";
			};
			name = Debug;
		};
		6B2B04632BE414B00000E327 /* Release */ = {
			isa = XCBuildConfiguration;
			buildSettings = {
				ALWAYS_SEARCH_USER_PATHS = NO;
				ASSETCATALOG_COMPILER_GENERATE_SWIFT_ASSET_SYMBOL_EXTENSIONS = YES;
				CLANG_ANALYZER_NONNULL = YES;
				CLANG_ANALYZER_NUMBER_OBJECT_CONVERSION = YES_AGGRESSIVE;
				CLANG_CXX_LANGUAGE_STANDARD = "gnu++20";
				CLANG_ENABLE_MODULES = YES;
				CLANG_ENABLE_OBJC_ARC = YES;
				CLANG_ENABLE_OBJC_WEAK = YES;
				CLANG_WARN_BLOCK_CAPTURE_AUTORELEASING = YES;
				CLANG_WARN_BOOL_CONVERSION = YES;
				CLANG_WARN_COMMA = YES;
				CLANG_WARN_CONSTANT_CONVERSION = YES;
				CLANG_WARN_DEPRECATED_OBJC_IMPLEMENTATIONS = YES;
				CLANG_WARN_DIRECT_OBJC_ISA_USAGE = YES_ERROR;
				CLANG_WARN_DOCUMENTATION_COMMENTS = YES;
				CLANG_WARN_EMPTY_BODY = YES;
				CLANG_WARN_ENUM_CONVERSION = YES;
				CLANG_WARN_INFINITE_RECURSION = YES;
				CLANG_WARN_INT_CONVERSION = YES;
				CLANG_WARN_NON_LITERAL_NULL_CONVERSION = YES;
				CLANG_WARN_OBJC_IMPLICIT_RETAIN_SELF = YES;
				CLANG_WARN_OBJC_LITERAL_CONVERSION = YES;
				CLANG_WARN_OBJC_ROOT_CLASS = YES_ERROR;
				CLANG_WARN_QUOTED_INCLUDE_IN_FRAMEWORK_HEADER = YES;
				CLANG_WARN_RANGE_LOOP_ANALYSIS = YES;
				CLANG_WARN_STRICT_PROTOTYPES = YES;
				CLANG_WARN_SUSPICIOUS_MOVE = YES;
				CLANG_WARN_UNGUARDED_AVAILABILITY = YES_AGGRESSIVE;
				CLANG_WARN_UNREACHABLE_CODE = YES;
				CLANG_WARN__DUPLICATE_METHOD_MATCH = YES;
				COPY_PHASE_STRIP = NO;
				DEBUG_INFORMATION_FORMAT = "dwarf-with-dsym";
				ENABLE_NS_ASSERTIONS = NO;
				ENABLE_STRICT_OBJC_MSGSEND = YES;
				ENABLE_USER_SCRIPT_SANDBOXING = YES;
				GCC_C_LANGUAGE_STANDARD = gnu17;
				GCC_NO_COMMON_BLOCKS = YES;
				GCC_WARN_64_TO_32_BIT_CONVERSION = YES;
				GCC_WARN_ABOUT_RETURN_TYPE = YES_ERROR;
				GCC_WARN_UNDECLARED_SELECTOR = YES;
				GCC_WARN_UNINITIALIZED_AUTOS = YES_AGGRESSIVE;
				GCC_WARN_UNUSED_FUNCTION = YES;
				GCC_WARN_UNUSED_VARIABLE = YES;
				LOCALIZATION_PREFERS_STRING_CATALOGS = YES;
				MACOSX_DEPLOYMENT_TARGET = 14.4;
				MTL_ENABLE_DEBUG_INFO = NO;
				MTL_FAST_MATH = YES;
				SDKROOT = macosx;
				SWIFT_COMPILATION_MODE = wholemodule;
			};
			name = Release;
		};
		6B2B04652BE414B00000E327 /* Debug */ = {
			isa = XCBuildConfiguration;
			buildSettings = {
				ASSETCATALOG_COMPILER_APPICON_NAME = AppIcon;
				ASSETCATALOG_COMPILER_GLOBAL_ACCENT_COLOR_NAME = AccentColor;
				CODE_SIGN_ENTITLEMENTS = SyncExif/SyncExif.entitlements;
				CODE_SIGN_STYLE = Automatic;
				COMBINE_HIDPI_IMAGES = YES;
				CURRENT_PROJECT_VERSION = 1;
				DEVELOPMENT_ASSET_PATHS = "\"SyncExif/Preview Content\"";
				ENABLE_PREVIEWS = YES;
				GENERATE_INFOPLIST_FILE = YES;
				INFOPLIST_KEY_NSHumanReadableCopyright = "";
				LD_RUNPATH_SEARCH_PATHS = (
					"$(inherited)",
					"@executable_path/../Frameworks",
				);
				MARKETING_VERSION = 1.0;
				PRODUCT_BUNDLE_IDENTIFIER = ch.zajo..syncexif.SyncExif;
				PRODUCT_NAME = "$(TARGET_NAME)";
				SWIFT_EMIT_LOC_STRINGS = YES;
				SWIFT_VERSION = 5.0;
			};
			name = Debug;
		};
		6B2B04662BE414B00000E327 /* Release */ = {
			isa = XCBuildConfiguration;
			buildSettings = {
				ASSETCATALOG_COMPILER_APPICON_NAME = AppIcon;
				ASSETCATALOG_COMPILER_GLOBAL_ACCENT_COLOR_NAME = AccentColor;
				CODE_SIGN_ENTITLEMENTS = SyncExif/SyncExif.entitlements;
				CODE_SIGN_STYLE = Automatic;
				COMBINE_HIDPI_IMAGES = YES;
				CURRENT_PROJECT_VERSION = 1;
				DEVELOPMENT_ASSET_PATHS = "\"SyncExif/Preview Content\"";
				ENABLE_PREVIEWS = YES;
				GENERATE_INFOPLIST_FILE = YES;
				INFOPLIST_KEY_NSHumanReadableCopyright = "";
				LD_RUNPATH_SEARCH_PATHS = (
					"$(inherited)",
					"@executable_path/../Frameworks",
				);
				MARKETING_VERSION = 1.0;
				PRODUCT_BUNDLE_IDENTIFIER = ch.zajo..syncexif.SyncExif;
				PRODUCT_NAME = "$(TARGET_NAME)";
				SWIFT_EMIT_LOC_STRINGS = YES;
				SWIFT_VERSION = 5.0;
			};
			name = Release;
		};
		6B2B04682BE414B00000E327 /* Debug */ = {
			isa = XCBuildConfiguration;
			buildSettings = {
				ALWAYS_EMBED_SWIFT_STANDARD_LIBRARIES = YES;
				BUNDLE_LOADER = "$(TEST_HOST)";
				CODE_SIGN_STYLE = Automatic;
				CURRENT_PROJECT_VERSION = 1;
				GENERATE_INFOPLIST_FILE = YES;
				MACOSX_DEPLOYMENT_TARGET = 14.4;
				MARKETING_VERSION = 1.0;
				PRODUCT_BUNDLE_IDENTIFIER = ch.zajo..syncexif.SyncExifTests;
				PRODUCT_NAME = "$(TARGET_NAME)";
				SWIFT_EMIT_LOC_STRINGS = NO;
				SWIFT_VERSION = 5.0;
				TEST_HOST = "$(BUILT_PRODUCTS_DIR)/SyncExif.app/$(BUNDLE_EXECUTABLE_FOLDER_PATH)/SyncExif";
			};
			name = Debug;
		};
		6B2B04692BE414B00000E327 /* Release */ = {
			isa = XCBuildConfiguration;
			buildSettings = {
				ALWAYS_EMBED_SWIFT_STANDARD_LIBRARIES = YES;
				BUNDLE_LOADER = "$(TEST_HOST)";
				CODE_SIGN_STYLE = Automatic;
				CURRENT_PROJECT_VERSION = 1;
				GENERATE_INFOPLIST_FILE = YES;
				MACOSX_DEPLOYMENT_TARGET = 14.4;
				MARKETING_VERSION = 1.0;
				PRODUCT_BUNDLE_IDENTIFIER = ch.zajo..syncexif.SyncExifTests;
				PRODUCT_NAME = "$(TARGET_NAME)";
				SWIFT_EMIT_LOC_STRINGS = NO;
				SWIFT_VERSION = 5.0;
				TEST_HOST = "$(BUILT_PRODUCTS_DIR)/SyncExif.app/$(BUNDLE_EXECUTABLE_FOLDER_PATH)/SyncExif";
			};
			name = Release;
		};
		6B2B046B2BE414B00000E327 /* Debug */ = {
			isa = XCBuildConfiguration;
			buildSettings = {
				ALWAYS_EMBED_SWIFT_STANDARD_LIBRARIES = YES;
				CODE_SIGN_STYLE = Automatic;
				CURRENT_PROJECT_VERSION = 1;
				GENERATE_INFOPLIST_FILE = YES;
				MARKETING_VERSION = 1.0;
				PRODUCT_BUNDLE_IDENTIFIER = ch.zajo..syncexif.SyncExifUITests;
				PRODUCT_NAME = "$(TARGET_NAME)";
				SWIFT_EMIT_LOC_STRINGS = NO;
				SWIFT_VERSION = 5.0;
				TEST_TARGET_NAME = SyncExif;
			};
			name = Debug;
		};
		6B2B046C2BE414B00000E327 /* Release */ = {
			isa = XCBuildConfiguration;
			buildSettings = {
				ALWAYS_EMBED_SWIFT_STANDARD_LIBRARIES = YES;
				CODE_SIGN_STYLE = Automatic;
				CURRENT_PROJECT_VERSION = 1;
				GENERATE_INFOPLIST_FILE = YES;
				MARKETING_VERSION = 1.0;
				PRODUCT_BUNDLE_IDENTIFIER = ch.zajo..syncexif.SyncExifUITests;
				PRODUCT_NAME = "$(TARGET_NAME)";
				SWIFT_EMIT_LOC_STRINGS = NO;
				SWIFT_VERSION = 5.0;
				TEST_TARGET_NAME = SyncExif;
			};
			name = Release;
		};
/* End XCBuildConfiguration section */

/* Begin XCConfigurationList section */
		6B2B043A2BE414AD0000E327 /* Build configuration list for PBXProject "SyncExif" */ = {
			isa = XCConfigurationList;
			buildConfigurations = (
				6B2B04622BE414B00000E327 /* Debug */,
				6B2B04632BE414B00000E327 /* Release */,
			);
			defaultConfigurationIsVisible = 0;
			defaultConfigurationName = Release;
		};
		6B2B04642BE414B00000E327 /* Build configuration list for PBXNativeTarget "SyncExif" */ = {
			isa = XCConfigurationList;
			buildConfigurations = (
				6B2B04652BE414B00000E327 /* Debug */,
				6B2B04662BE414B00000E327 /* Release */,
			);
			defaultConfigurationIsVisible = 0;
			defaultConfigurationName = Release;
		};
		6B2B04672BE414B00000E327 /* Build configuration list for PBXNativeTarget "SyncExifTests" */ = {
			isa = XCConfigurationList;
			buildConfigurations = (
				6B2B04682BE414B00000E327 /* Debug */,
				6B2B04692BE414B00000E327 /* Release */,
			);
			defaultConfigurationIsVisible = 0;
			defaultConfigurationName = Release;
		};
		6B2B046A2BE414B00000E327 /* Build configuration list for PBXNativeTarget "SyncExifUITests" */ = {
			isa = XCConfigurationList;
			buildConfigurations = (
				6B2B046B2BE414B00000E327 /* Debug */,
				6B2B046C2BE414B00000E327 /* Release */,
			);
			defaultConfigurationIsVisible = 0;
			defaultConfigurationName = Release;
		};
/* End XCConfigurationList section */
	};
	rootObject = 6B2B04372BE414AD0000E327 /* Project object */;
}
